
Microsoft Visual Studio Solution File, Format Version 12.00
# Visual Studio 15
VisualStudioVersion = 15.0.27703.2035
MinimumVisualStudioVersion = 10.0.40219.1
Project("{FAE04EC0-301F-11D3-BF4B-00C04F79EFBC}") = "DataMunglingKata", "DataMunglingKata\DataMunglingKata.csproj", "{DD4FBF5B-AAEE-46A8-8FD3-2A714D1FBDFE}"
EndProject
Global
	GlobalSection(SolutionConfigurationPlatforms) = preSolution
		Debug|Any CPU = Debug|Any CPU
		Release|Any CPU = Release|Any CPU
	EndGlobalSection
	GlobalSection(ProjectConfigurationPlatforms) = postSolution
		{DD4FBF5B-AAEE-46A8-8FD3-2A714D1FBDFE}.Debug|Any CPU.ActiveCfg = Debug|Any CPU
		{DD4FBF5B-AAEE-46A8-8FD3-2A714D1FBDFE}.Debug|Any CPU.Build.0 = Debug|Any CPU
		{DD4FBF5B-AAEE-46A8-8FD3-2A714D1FBDFE}.Release|Any CPU.ActiveCfg = Release|Any CPU
		{DD4FBF5B-AAEE-46A8-8FD3-2A714D1FBDFE}.Release|Any CPU.Build.0 = Release|Any CPU
	EndGlobalSection
	GlobalSection(SolutionProperties) = preSolution
		HideSolutionNode = FALSE
	EndGlobalSection
	GlobalSection(ExtensibilityGlobals) = postSolution
		SolutionGuid = {0ECD3002-C253-481E-A714-B35AA315DCC8}
	EndGlobalSection
EndGlobal
